
Microsoft Visual Studio Solution File, Format Version 12.00
# Visual Studio 15
VisualStudioVersion = 15.0.28010.2036
MinimumVisualStudioVersion = 10.0.40219.1
Project("{FAE04EC0-301F-11D3-BF4B-00C04F79EFBC}") = "Calculator_WPF", "DraftWPF\Calculator_WPF.csproj", "{36E8900A-6132-49A9-8AC0-E971416AE965}"
EndProject
Global
	GlobalSection(SolutionConfigurationPlatforms) = preSolution
		Debug|Any CPU = Debug|Any CPU
		Release|Any CPU = Release|Any CPU
	EndGlobalSection
	GlobalSection(ProjectConfigurationPlatforms) = postSolution
		{36E8900A-6132-49A9-8AC0-E971416AE965}.Debug|Any CPU.ActiveCfg = Debug|Any CPU
		{36E8900A-6132-49A9-8AC0-E971416AE965}.Debug|Any CPU.Build.0 = Debug|Any CPU
		{36E8900A-6132-49A9-8AC0-E971416AE965}.Release|Any CPU.ActiveCfg = Release|Any CPU
		{36E8900A-6132-49A9-8AC0-E971416AE965}.Release|Any CPU.Build.0 = Release|Any CPU
	EndGlobalSection
	GlobalSection(SolutionProperties) = preSolution
		HideSolutionNode = FALSE
	EndGlobalSection
	GlobalSection(ExtensibilityGlobals) = postSolution
		SolutionGuid = {E2DF9257-CC61-4A45-8228-25251E786075}
	EndGlobalSection
EndGlobal
